{
  "socketPath": "/tmp/mcp-BzQcde/mcp.sock",
  "scheme": "unix",
  "headers": {
    "Authorization": "Nonce a63c823c-a4d2-431c-8d2b-3834632e9369"
  },
  "pid": 465487,
  "ideName": "Visual Studio Code",
  "timestamp": 1771429030508,
  "workspaceFolders": [
    "/home/terraform"
  ],
  "isTrusted": true
}